
Microsoft Visual Studio Solution File, Format Version 12.00
# Visual Studio Version 17
VisualStudioVersion = 17.8.34309.116
MinimumVisualStudioVersion = 10.0.40219.1
Project("{9A19103F-16F7-4668-BE54-9A1E7A4F7556}") = "TasksFromManualHomeWork3", "switchdirection\TasksFromManualHomeWork3.csproj", "{1E7090F3-7055-43F1-BF6A-25DFA09BB6D5}"
EndProject
Project("{9A19103F-16F7-4668-BE54-9A1E7A4F7556}") = "Calculator", "Calculator\Calculator.csproj", "{8393F153-0BB8-49DF-922D-E381BB49CFE6}"
EndProject
Project("{9A19103F-16F7-4668-BE54-9A1E7A4F7556}") = "TasksFromManualHomeWork4", "HomeWork4\TasksFromManualHomeWork4.csproj", "{F73509C5-5E49-45C3-AFB5-686F654E557B}"
EndProject
Project("{9A19103F-16F7-4668-BE54-9A1E7A4F7556}") = "MatrixFromPresentationHomeWork4", "MatrixFromPresentationHomeWork4\MatrixFromPresentationHomeWork4.csproj", "{49846F33-2741-4079-A290-3BE59B83AB94}"
EndProject
Project("{9A19103F-16F7-4668-BE54-9A1E7A4F7556}") = "AdditionalTasksHomeWork4", "AdditionalTasksHomeWork4\AdditionalTasksHomeWork4.csproj", "{B7779E6F-925B-4BAD-A52F-D77EA5C313D9}"
EndProject
Project("{9A19103F-16F7-4668-BE54-9A1E7A4F7556}") = "TasksFromManualHomeWork5", "TasksFromManualHomeWork5\TasksFromManualHomeWork5.csproj", "{28A3A2D9-5980-40F2-A2AC-F6410461ACD6}"
EndProject
Project("{9A19103F-16F7-4668-BE54-9A1E7A4F7556}") = "AdditionalTasksFromManualHomeWork5", "AdditionalTasksFromManualHomeWork5\AdditionalTasksFromManualHomeWork5.csproj", "{711946E0-7C58-4042-8029-3FAEDA2A32D4}"
EndProject
Project("{9A19103F-16F7-4668-BE54-9A1E7A4F7556}") = "TasksFromPresentationHomeWork5", "TasksFromPresentationHomeWork5\TasksFromPresentationHomeWork5.csproj", "{5658137E-0377-4938-AD2D-E3FC683ADF1E}"
EndProject
Project("{9A19103F-16F7-4668-BE54-9A1E7A4F7556}") = "AdditionalTaskFromManualHomeWork6", "AdditionalTaskFromManualHomeWork6\AdditionalTaskFromManualHomeWork6.csproj", "{7E14F4B0-E7C0-4C03-85E4-B978A2CA6F95}"
EndProject
Project("{9A19103F-16F7-4668-BE54-9A1E7A4F7556}") = "TasksFromManualHomeWork7", "TasksFromManualHomeWork7\TasksFromManualHomeWork7.csproj", "{0E693A2F-4A99-4E45-BD40-7580991B2D8B}"
EndProject
Project("{9A19103F-16F7-4668-BE54-9A1E7A4F7556}") = "ProductInventoryProjectHomeWork7", "ProductInventoryProjectHomeWork7\ProductInventoryProjectHomeWork7.csproj", "{5940B7D7-5574-4171-BAD7-39225CC53DAC}"
EndProject
Project("{9A19103F-16F7-4668-BE54-9A1E7A4F7556}") = "ProductInventoryProjectWithStructsHomeWork7", "ProductInventoryProjectWithStructsHomeWork7\ProductInventoryProjectWithStructsHomeWork7.csproj", "{304F95B9-C043-44B0-84FE-89DB2F9FFC85}"
EndProject
Project("{9A19103F-16F7-4668-BE54-9A1E7A4F7556}") = "TasksFromManualHomeWork6", "TasksFromManualHomeWork6\TasksFromManualHomeWork6.csproj", "{CB0D495F-58E6-4A2D-BA66-0AD4E46A9841}"
EndProject
Project("{9A19103F-16F7-4668-BE54-9A1E7A4F7556}") = "TaskFromPresentationHomeWork8", "TaskFromPresentationHomeWork8\TaskFromPresentationHomeWork8.csproj", "{47D86CE1-ADE1-4C6E-B46C-392FED94D482}"
EndProject
Project("{9A19103F-16F7-4668-BE54-9A1E7A4F7556}") = "TasksFromManualHomeWork8", "TasksFromManualHomeWork8\TasksFromManualHomeWork8.csproj", "{0E664245-1F3B-4830-9159-A5902619B0AB}"
EndProject
Project("{9A19103F-16F7-4668-BE54-9A1E7A4F7556}") = "AdditionalTaskFromManualHomeWork8", "AdditionalTaskFromManualHomeWork8\AdditionalTaskFromManualHomeWork8.csproj", "{18A71994-EC0B-4D42-986F-DB1973BF11EC}"
EndProject
Project("{9A19103F-16F7-4668-BE54-9A1E7A4F7556}") = "TasksFromManualHomeWork9", "TasksFromManualHomeWork9\TasksFromManualHomeWork9.csproj", "{A99821B9-E105-48A0-8026-D67D7A8904DB}"
EndProject
Project("{FAE04EC0-301F-11D3-BF4B-00C04F79EFBC}") = "TaskFromPresentationHomeWork11", "TaskFromPresentationHomeWork11\TaskFromPresentationHomeWork11.csproj", "{CC922C47-A523-497A-80B9-DF414A84B6C0}"
EndProject
Global
	GlobalSection(SolutionConfigurationPlatforms) = preSolution
		Debug|Any CPU = Debug|Any CPU
		Release|Any CPU = Release|Any CPU
	EndGlobalSection
	GlobalSection(ProjectConfigurationPlatforms) = postSolution
		{1E7090F3-7055-43F1-BF6A-25DFA09BB6D5}.Debug|Any CPU.ActiveCfg = Debug|Any CPU
		{1E7090F3-7055-43F1-BF6A-25DFA09BB6D5}.Debug|Any CPU.Build.0 = Debug|Any CPU
		{1E7090F3-7055-43F1-BF6A-25DFA09BB6D5}.Release|Any CPU.ActiveCfg = Release|Any CPU
		{1E7090F3-7055-43F1-BF6A-25DFA09BB6D5}.Release|Any CPU.Build.0 = Release|Any CPU
		{8393F153-0BB8-49DF-922D-E381BB49CFE6}.Debug|Any CPU.ActiveCfg = Debug|Any CPU
		{8393F153-0BB8-49DF-922D-E381BB49CFE6}.Debug|Any CPU.Build.0 = Debug|Any CPU
		{8393F153-0BB8-49DF-922D-E381BB49CFE6}.Release|Any CPU.ActiveCfg = Release|Any CPU
		{8393F153-0BB8-49DF-922D-E381BB49CFE6}.Release|Any CPU.Build.0 = Release|Any CPU
		{F73509C5-5E49-45C3-AFB5-686F654E557B}.Debug|Any CPU.ActiveCfg = Debug|Any CPU
		{F73509C5-5E49-45C3-AFB5-686F654E557B}.Debug|Any CPU.Build.0 = Debug|Any CPU
		{F73509C5-5E49-45C3-AFB5-686F654E557B}.Release|Any CPU.ActiveCfg = Release|Any CPU
		{F73509C5-5E49-45C3-AFB5-686F654E557B}.Release|Any CPU.Build.0 = Release|Any CPU
		{49846F33-2741-4079-A290-3BE59B83AB94}.Debug|Any CPU.ActiveCfg = Debug|Any CPU
		{49846F33-2741-4079-A290-3BE59B83AB94}.Debug|Any CPU.Build.0 = Debug|Any CPU
		{49846F33-2741-4079-A290-3BE59B83AB94}.Release|Any CPU.ActiveCfg = Release|Any CPU
		{49846F33-2741-4079-A290-3BE59B83AB94}.Release|Any CPU.Build.0 = Release|Any CPU
		{B7779E6F-925B-4BAD-A52F-D77EA5C313D9}.Debug|Any CPU.ActiveCfg = Debug|Any CPU
		{B7779E6F-925B-4BAD-A52F-D77EA5C313D9}.Debug|Any CPU.Build.0 = Debug|Any CPU
		{B7779E6F-925B-4BAD-A52F-D77EA5C313D9}.Release|Any CPU.ActiveCfg = Release|Any CPU
		{B7779E6F-925B-4BAD-A52F-D77EA5C313D9}.Release|Any CPU.Build.0 = Release|Any CPU
		{28A3A2D9-5980-40F2-A2AC-F6410461ACD6}.Debug|Any CPU.ActiveCfg = Debug|Any CPU
		{28A3A2D9-5980-40F2-A2AC-F6410461ACD6}.Debug|Any CPU.Build.0 = Debug|Any CPU
		{28A3A2D9-5980-40F2-A2AC-F6410461ACD6}.Release|Any CPU.ActiveCfg = Release|Any CPU
		{28A3A2D9-5980-40F2-A2AC-F6410461ACD6}.Release|Any CPU.Build.0 = Release|Any CPU
		{711946E0-7C58-4042-8029-3FAEDA2A32D4}.Debug|Any CPU.ActiveCfg = Debug|Any CPU
		{711946E0-7C58-4042-8029-3FAEDA2A32D4}.Debug|Any CPU.Build.0 = Debug|Any CPU
		{711946E0-7C58-4042-8029-3FAEDA2A32D4}.Release|Any CPU.ActiveCfg = Release|Any CPU
		{711946E0-7C58-4042-8029-3FAEDA2A32D4}.Release|Any CPU.Build.0 = Release|Any CPU
		{5658137E-0377-4938-AD2D-E3FC683ADF1E}.Debug|Any CPU.ActiveCfg = Debug|Any CPU
		{5658137E-0377-4938-AD2D-E3FC683ADF1E}.Debug|Any CPU.Build.0 = Debug|Any CPU
		{5658137E-0377-4938-AD2D-E3FC683ADF1E}.Release|Any CPU.ActiveCfg = Release|Any CPU
		{5658137E-0377-4938-AD2D-E3FC683ADF1E}.Release|Any CPU.Build.0 = Release|Any CPU
		{7E14F4B0-E7C0-4C03-85E4-B978A2CA6F95}.Debug|Any CPU.ActiveCfg = Debug|Any CPU
		{7E14F4B0-E7C0-4C03-85E4-B978A2CA6F95}.Debug|Any CPU.Build.0 = Debug|Any CPU
		{7E14F4B0-E7C0-4C03-85E4-B978A2CA6F95}.Release|Any CPU.ActiveCfg = Release|Any CPU
		{7E14F4B0-E7C0-4C03-85E4-B978A2CA6F95}.Release|Any CPU.Build.0 = Release|Any CPU
		{0E693A2F-4A99-4E45-BD40-7580991B2D8B}.Debug|Any CPU.ActiveCfg = Debug|Any CPU
		{0E693A2F-4A99-4E45-BD40-7580991B2D8B}.Debug|Any CPU.Build.0 = Debug|Any CPU
		{0E693A2F-4A99-4E45-BD40-7580991B2D8B}.Release|Any CPU.ActiveCfg = Release|Any CPU
		{0E693A2F-4A99-4E45-BD40-7580991B2D8B}.Release|Any CPU.Build.0 = Release|Any CPU
		{5940B7D7-5574-4171-BAD7-39225CC53DAC}.Debug|Any CPU.ActiveCfg = Debug|Any CPU
		{5940B7D7-5574-4171-BAD7-39225CC53DAC}.Debug|Any CPU.Build.0 = Debug|Any CPU
		{5940B7D7-5574-4171-BAD7-39225CC53DAC}.Release|Any CPU.ActiveCfg = Release|Any CPU
		{5940B7D7-5574-4171-BAD7-39225CC53DAC}.Release|Any CPU.Build.0 = Release|Any CPU
		{304F95B9-C043-44B0-84FE-89DB2F9FFC85}.Debug|Any CPU.ActiveCfg = Debug|Any CPU
		{304F95B9-C043-44B0-84FE-89DB2F9FFC85}.Debug|Any CPU.Build.0 = Debug|Any CPU
		{304F95B9-C043-44B0-84FE-89DB2F9FFC85}.Release|Any CPU.ActiveCfg = Release|Any CPU
		{304F95B9-C043-44B0-84FE-89DB2F9FFC85}.Release|Any CPU.Build.0 = Release|Any CPU
		{CB0D495F-58E6-4A2D-BA66-0AD4E46A9841}.Debug|Any CPU.ActiveCfg = Debug|Any CPU
		{CB0D495F-58E6-4A2D-BA66-0AD4E46A9841}.Debug|Any CPU.Build.0 = Debug|Any CPU
		{CB0D495F-58E6-4A2D-BA66-0AD4E46A9841}.Release|Any CPU.ActiveCfg = Release|Any CPU
		{CB0D495F-58E6-4A2D-BA66-0AD4E46A9841}.Release|Any CPU.Build.0 = Release|Any CPU
		{47D86CE1-ADE1-4C6E-B46C-392FED94D482}.Debug|Any CPU.ActiveCfg = Debug|Any CPU
		{47D86CE1-ADE1-4C6E-B46C-392FED94D482}.Debug|Any CPU.Build.0 = Debug|Any CPU
		{47D86CE1-ADE1-4C6E-B46C-392FED94D482}.Release|Any CPU.ActiveCfg = Release|Any CPU
		{47D86CE1-ADE1-4C6E-B46C-392FED94D482}.Release|Any CPU.Build.0 = Release|Any CPU
		{0E664245-1F3B-4830-9159-A5902619B0AB}.Debug|Any CPU.ActiveCfg = Debug|Any CPU
		{0E664245-1F3B-4830-9159-A5902619B0AB}.Debug|Any CPU.Build.0 = Debug|Any CPU
		{0E664245-1F3B-4830-9159-A5902619B0AB}.Release|Any CPU.ActiveCfg = Release|Any CPU
		{0E664245-1F3B-4830-9159-A5902619B0AB}.Release|Any CPU.Build.0 = Release|Any CPU
		{18A71994-EC0B-4D42-986F-DB1973BF11EC}.Debug|Any CPU.ActiveCfg = Debug|Any CPU
		{18A71994-EC0B-4D42-986F-DB1973BF11EC}.Debug|Any CPU.Build.0 = Debug|Any CPU
		{18A71994-EC0B-4D42-986F-DB1973BF11EC}.Release|Any CPU.ActiveCfg = Release|Any CPU
		{18A71994-EC0B-4D42-986F-DB1973BF11EC}.Release|Any CPU.Build.0 = Release|Any CPU
		{A99821B9-E105-48A0-8026-D67D7A8904DB}.Debug|Any CPU.ActiveCfg = Debug|Any CPU
		{A99821B9-E105-48A0-8026-D67D7A8904DB}.Debug|Any CPU.Build.0 = Debug|Any CPU
		{A99821B9-E105-48A0-8026-D67D7A8904DB}.Release|Any CPU.ActiveCfg = Release|Any CPU
		{A99821B9-E105-48A0-8026-D67D7A8904DB}.Release|Any CPU.Build.0 = Release|Any CPU
		{CC922C47-A523-497A-80B9-DF414A84B6C0}.Debug|Any CPU.ActiveCfg = Debug|Any CPU
		{CC922C47-A523-497A-80B9-DF414A84B6C0}.Debug|Any CPU.Build.0 = Debug|Any CPU
		{CC922C47-A523-497A-80B9-DF414A84B6C0}.Release|Any CPU.ActiveCfg = Release|Any CPU
		{CC922C47-A523-497A-80B9-DF414A84B6C0}.Release|Any CPU.Build.0 = Release|Any CPU
	EndGlobalSection
	GlobalSection(SolutionProperties) = preSolution
		HideSolutionNode = FALSE
	EndGlobalSection
	GlobalSection(ExtensibilityGlobals) = postSolution
		SolutionGuid = {F218FF9A-2CA4-4BEF-B48F-14E704A25D70}
	EndGlobalSection
EndGlobal
